
Microsoft Visual Studio Solution File, Format Version 12.00
# Visual Studio Version 17
VisualStudioVersion = 17.6.33815.320
MinimumVisualStudioVersion = 10.0.40219.1
Project("{FAE04EC0-301F-11D3-BF4B-00C04F79EFBC}") = "Quiz App", "Quiz App\Quiz App.csproj", "{99721CF1-42D4-4350-ADEE-78E3332FAB42}"
EndProject
Global
	GlobalSection(SolutionConfigurationPlatforms) = preSolution
		Debug|Any CPU = Debug|Any CPU
		Release|Any CPU = Release|Any CPU
	EndGlobalSection
	GlobalSection(ProjectConfigurationPlatforms) = postSolution
		{99721CF1-42D4-4350-ADEE-78E3332FAB42}.Debug|Any CPU.ActiveCfg = Debug|Any CPU
		{99721CF1-42D4-4350-ADEE-78E3332FAB42}.Debug|Any CPU.Build.0 = Debug|Any CPU
		{99721CF1-42D4-4350-ADEE-78E3332FAB42}.Release|Any CPU.ActiveCfg = Release|Any CPU
		{99721CF1-42D4-4350-ADEE-78E3332FAB42}.Release|Any CPU.Build.0 = Release|Any CPU
	EndGlobalSection
	GlobalSection(SolutionProperties) = preSolution
		HideSolutionNode = FALSE
	EndGlobalSection
	GlobalSection(ExtensibilityGlobals) = postSolution
		SolutionGuid = {D0CDABD6-A4D1-4A14-95EF-AFA8843CFDE2}
	EndGlobalSection
EndGlobal
